
Microsoft Visual Studio Solution File, Format Version 12.00
# Visual Studio Version 17
VisualStudioVersion = 17.8.34601.278
MinimumVisualStudioVersion = 10.0.40219.1
Project("{9A19103F-16F7-4668-BE54-9A1E7A4F7556}") = "UrlShortenerApp", "UrlShortenerApp.csproj", "{C37733AD-92D3-4F36-B13B-855A23BC5E8C}"
EndProject
Project("{9A19103F-16F7-4668-BE54-9A1E7A4F7556}") = "UrlShortenerApp.Core", "..\UrlShortenerApp.Core\UrlShortenerApp.Core.csproj", "{659FD289-507E-4B97-B144-8A1356F608AB}"
EndProject
Global
	GlobalSection(SolutionConfigurationPlatforms) = preSolution
		Debug|Any CPU = Debug|Any CPU
		Release|Any CPU = Release|Any CPU
	EndGlobalSection
	GlobalSection(ProjectConfigurationPlatforms) = postSolution
		{C37733AD-92D3-4F36-B13B-855A23BC5E8C}.Debug|Any CPU.ActiveCfg = Debug|Any CPU
		{C37733AD-92D3-4F36-B13B-855A23BC5E8C}.Debug|Any CPU.Build.0 = Debug|Any CPU
		{C37733AD-92D3-4F36-B13B-855A23BC5E8C}.Debug|Any CPU.Deploy.0 = Debug|Any CPU
		{C37733AD-92D3-4F36-B13B-855A23BC5E8C}.Release|Any CPU.ActiveCfg = Release|Any CPU
		{C37733AD-92D3-4F36-B13B-855A23BC5E8C}.Release|Any CPU.Build.0 = Release|Any CPU
		{C37733AD-92D3-4F36-B13B-855A23BC5E8C}.Release|Any CPU.Deploy.0 = Release|Any CPU
		{659FD289-507E-4B97-B144-8A1356F608AB}.Debug|Any CPU.ActiveCfg = Debug|Any CPU
		{659FD289-507E-4B97-B144-8A1356F608AB}.Debug|Any CPU.Build.0 = Debug|Any CPU
		{659FD289-507E-4B97-B144-8A1356F608AB}.Release|Any CPU.ActiveCfg = Release|Any CPU
		{659FD289-507E-4B97-B144-8A1356F608AB}.Release|Any CPU.Build.0 = Release|Any CPU
	EndGlobalSection
	GlobalSection(SolutionProperties) = preSolution
		HideSolutionNode = FALSE
	EndGlobalSection
	GlobalSection(ExtensibilityGlobals) = postSolution
		SolutionGuid = {033BA7FA-82B6-4A08-8474-08B185DD49EB}
	EndGlobalSection
EndGlobal
